
Microsoft Visual Studio Solution File, Format Version 12.00
# Visual Studio 15
VisualStudioVersion = 15.0.27130.2010
MinimumVisualStudioVersion = 10.0.40219.1
Project("{9A19103F-16F7-4668-BE54-9A1E7A4F7556}") = "Cocktails.WebApi", "Cocktails.WebApi\Cocktails.WebApi.csproj", "{5007B02C-0E8C-4BE9-AE95-4E1C5394B52B}"
EndProject
Project("{FAE04EC0-301F-11D3-BF4B-00C04F79EFBC}") = "ApiClientConsoleApp", "ConsoleApp1\ApiClientConsoleApp.csproj", "{0AA60A98-C6DF-4F57-AE1C-09882100EE18}"
EndProject
Project("{FAE04EC0-301F-11D3-BF4B-00C04F79EFBC}") = "Cocktails.Persistance", "Cocktail.DataAccess\Cocktails.Persistance.csproj", "{5329DFD9-0393-4475-9ED0-4B5DAC8A0E8E}"
EndProject
Project("{FAE04EC0-301F-11D3-BF4B-00C04F79EFBC}") = "Cocktails.Domain", "Cocktails.Domain\Cocktails.Domain.csproj", "{058CA0A2-07E2-4AEF-B2E3-4B047C658E73}"
EndProject
Project("{FAE04EC0-301F-11D3-BF4B-00C04F79EFBC}") = "ViewModels", "ViewModels\ViewModels.csproj", "{EE4DEE9E-EF89-424B-88D1-2532E2DA356A}"
EndProject
Project("{FAE04EC0-301F-11D3-BF4B-00C04F79EFBC}") = "Services", "Services\Services.csproj", "{C50B96E9-BA3F-4D39-8E02-D725E1F8921C}"
EndProject
Global
	GlobalSection(SolutionConfigurationPlatforms) = preSolution
		Debug|Any CPU = Debug|Any CPU
		Release|Any CPU = Release|Any CPU
	EndGlobalSection
	GlobalSection(ProjectConfigurationPlatforms) = postSolution
		{5007B02C-0E8C-4BE9-AE95-4E1C5394B52B}.Debug|Any CPU.ActiveCfg = Debug|Any CPU
		{5007B02C-0E8C-4BE9-AE95-4E1C5394B52B}.Debug|Any CPU.Build.0 = Debug|Any CPU
		{5007B02C-0E8C-4BE9-AE95-4E1C5394B52B}.Release|Any CPU.ActiveCfg = Release|Any CPU
		{5007B02C-0E8C-4BE9-AE95-4E1C5394B52B}.Release|Any CPU.Build.0 = Release|Any CPU
		{0AA60A98-C6DF-4F57-AE1C-09882100EE18}.Debug|Any CPU.ActiveCfg = Debug|Any CPU
		{0AA60A98-C6DF-4F57-AE1C-09882100EE18}.Debug|Any CPU.Build.0 = Debug|Any CPU
		{0AA60A98-C6DF-4F57-AE1C-09882100EE18}.Release|Any CPU.ActiveCfg = Release|Any CPU
		{0AA60A98-C6DF-4F57-AE1C-09882100EE18}.Release|Any CPU.Build.0 = Release|Any CPU
		{5329DFD9-0393-4475-9ED0-4B5DAC8A0E8E}.Debug|Any CPU.ActiveCfg = Debug|Any CPU
		{5329DFD9-0393-4475-9ED0-4B5DAC8A0E8E}.Debug|Any CPU.Build.0 = Debug|Any CPU
		{5329DFD9-0393-4475-9ED0-4B5DAC8A0E8E}.Release|Any CPU.ActiveCfg = Release|Any CPU
		{5329DFD9-0393-4475-9ED0-4B5DAC8A0E8E}.Release|Any CPU.Build.0 = Release|Any CPU
		{058CA0A2-07E2-4AEF-B2E3-4B047C658E73}.Debug|Any CPU.ActiveCfg = Debug|Any CPU
		{058CA0A2-07E2-4AEF-B2E3-4B047C658E73}.Debug|Any CPU.Build.0 = Debug|Any CPU
		{058CA0A2-07E2-4AEF-B2E3-4B047C658E73}.Release|Any CPU.ActiveCfg = Release|Any CPU
		{058CA0A2-07E2-4AEF-B2E3-4B047C658E73}.Release|Any CPU.Build.0 = Release|Any CPU
		{EE4DEE9E-EF89-424B-88D1-2532E2DA356A}.Debug|Any CPU.ActiveCfg = Debug|Any CPU
		{EE4DEE9E-EF89-424B-88D1-2532E2DA356A}.Debug|Any CPU.Build.0 = Debug|Any CPU
		{EE4DEE9E-EF89-424B-88D1-2532E2DA356A}.Release|Any CPU.ActiveCfg = Release|Any CPU
		{EE4DEE9E-EF89-424B-88D1-2532E2DA356A}.Release|Any CPU.Build.0 = Release|Any CPU
		{C50B96E9-BA3F-4D39-8E02-D725E1F8921C}.Debug|Any CPU.ActiveCfg = Debug|Any CPU
		{C50B96E9-BA3F-4D39-8E02-D725E1F8921C}.Debug|Any CPU.Build.0 = Debug|Any CPU
		{C50B96E9-BA3F-4D39-8E02-D725E1F8921C}.Release|Any CPU.ActiveCfg = Release|Any CPU
		{C50B96E9-BA3F-4D39-8E02-D725E1F8921C}.Release|Any CPU.Build.0 = Release|Any CPU
	EndGlobalSection
	GlobalSection(SolutionProperties) = preSolution
		HideSolutionNode = FALSE
	EndGlobalSection
	GlobalSection(ExtensibilityGlobals) = postSolution
		SolutionGuid = {253ECD4E-F63E-4980-90E4-0D8F42502DBC}
	EndGlobalSection
EndGlobal
